<?xml version="1.0" encoding="utf-8"?>
<Project ToolsVersion="4.0" xmlns="http://schemas.microsoft.com/developer/msbuild/2003">
  <ItemGroup>
    <ClCompile Include="Main.cpp" />
    <ClCompile Include="MenuEquip.cpp" />
    <ClCompile Include="SkySoulsSettings.cpp" />
  </ItemGroup>
  <ItemGroup>
    <ClInclude Include="MenuCreation.h" />
    <ClInclude Include="MenuEquip.h" />
    <ClInclude Include="SkySoulsSettings.h" />
  </ItemGroup>
  <ItemGroup>
    <None Include="Exports.def" />
    <None Include="SkySouls.ini">
      <Filter>Configuration</Filter>
    </None>
  </ItemGroup>
  <ItemGroup>
    <Filter Include="Configuration">
      <UniqueIdentifier>{ceda4730-aa57-4919-9828-53ed0743ff44}</UniqueIdentifier>
    </Filter>
  </ItemGroup>
</Project>